
Microsoft Visual Studio Solution File, Format Version 12.00
# Visual Studio Version 17
VisualStudioVersion = 17.1.32228.430
MinimumVisualStudioVersion = 10.0.40219.1
Project("{9A19103F-16F7-4668-BE54-9A1E7A4F7556}") = "UserMicroservice", "UserMicroservice\UserMicroservice.csproj", "{E45C84C3-D89C-443A-AF80-9B8D3B0A34C8}"
EndProject
Project("{9A19103F-16F7-4668-BE54-9A1E7A4F7556}") = "TweetAppAPIGateway", "TweetAppAPIGateway\TweetAppAPIGateway.csproj", "{5C90AC91-CEE8-4549-878B-05868213C357}"
EndProject
Project("{2150E333-8FDC-42A3-9474-1A3956D46DE8}") = "Unit Test", "Unit Test", "{9F756BC1-4E81-49DB-8A75-8F4A930E7C50}"
EndProject
Project("{9A19103F-16F7-4668-BE54-9A1E7A4F7556}") = "TweetApp-Common", "TweetApp-Common\TweetApp-Common.csproj", "{66A5223F-5464-4705-B5C7-2E0DB7674A0B}"
EndProject
Project("{9A19103F-16F7-4668-BE54-9A1E7A4F7556}") = "Test.TweetUserMicroservice", "Test.TweetUserMicroservice\Test.TweetUserMicroservice.csproj", "{6A16C04B-FBDA-46D0-BBE1-88507E0B7347}"
EndProject
Project("{9A19103F-16F7-4668-BE54-9A1E7A4F7556}") = "TweetPostMicroservice", "TweetPOSTMicroservice\TweetPostMicroservice.csproj", "{E31703C1-7FA4-4855-9B99-5F7A7B38C30D}"
EndProject
Project("{9A19103F-16F7-4668-BE54-9A1E7A4F7556}") = "TweetView_ReplyMicroservice", "TweetView_ReplyMicroservice\TweetView_ReplyMicroservice.csproj", "{8E8F6FEA-75EC-4D50-906E-6CC63A619F40}"
EndProject
Project("{9A19103F-16F7-4668-BE54-9A1E7A4F7556}") = "Test.TweetPostMicroservice", "Test.TweetPostMicroservice\Test.TweetPostMicroservice.csproj", "{EAFFD9CA-B67F-4823-951F-8BAAC04BB35E}"
EndProject
Project("{9A19103F-16F7-4668-BE54-9A1E7A4F7556}") = "Test.TweetReplyMicroservice", "Test.TweetReplyMicroservice\Test.TweetReplyMicroservice.csproj", "{093BC85B-029E-41D1-8800-8568840697D9}"
EndProject
Project("{E53339B2-1760-4266-BCC7-CA923CBCF16C}") = "docker-compose", "docker-compose.dcproj", "{5F98ECDD-C322-4DBA-BC02-758BF0370906}"
EndProject
Global
	GlobalSection(SolutionConfigurationPlatforms) = preSolution
		Debug|Any CPU = Debug|Any CPU
		Release|Any CPU = Release|Any CPU
	EndGlobalSection
	GlobalSection(ProjectConfigurationPlatforms) = postSolution
		{E45C84C3-D89C-443A-AF80-9B8D3B0A34C8}.Debug|Any CPU.ActiveCfg = Debug|Any CPU
		{E45C84C3-D89C-443A-AF80-9B8D3B0A34C8}.Debug|Any CPU.Build.0 = Debug|Any CPU
		{E45C84C3-D89C-443A-AF80-9B8D3B0A34C8}.Release|Any CPU.ActiveCfg = Release|Any CPU
		{E45C84C3-D89C-443A-AF80-9B8D3B0A34C8}.Release|Any CPU.Build.0 = Release|Any CPU
		{5C90AC91-CEE8-4549-878B-05868213C357}.Debug|Any CPU.ActiveCfg = Debug|Any CPU
		{5C90AC91-CEE8-4549-878B-05868213C357}.Debug|Any CPU.Build.0 = Debug|Any CPU
		{5C90AC91-CEE8-4549-878B-05868213C357}.Release|Any CPU.ActiveCfg = Release|Any CPU
		{5C90AC91-CEE8-4549-878B-05868213C357}.Release|Any CPU.Build.0 = Release|Any CPU
		{66A5223F-5464-4705-B5C7-2E0DB7674A0B}.Debug|Any CPU.ActiveCfg = Debug|Any CPU
		{66A5223F-5464-4705-B5C7-2E0DB7674A0B}.Debug|Any CPU.Build.0 = Debug|Any CPU
		{66A5223F-5464-4705-B5C7-2E0DB7674A0B}.Release|Any CPU.ActiveCfg = Release|Any CPU
		{66A5223F-5464-4705-B5C7-2E0DB7674A0B}.Release|Any CPU.Build.0 = Release|Any CPU
		{6A16C04B-FBDA-46D0-BBE1-88507E0B7347}.Debug|Any CPU.ActiveCfg = Debug|Any CPU
		{6A16C04B-FBDA-46D0-BBE1-88507E0B7347}.Debug|Any CPU.Build.0 = Debug|Any CPU
		{6A16C04B-FBDA-46D0-BBE1-88507E0B7347}.Release|Any CPU.ActiveCfg = Release|Any CPU
		{6A16C04B-FBDA-46D0-BBE1-88507E0B7347}.Release|Any CPU.Build.0 = Release|Any CPU
		{E31703C1-7FA4-4855-9B99-5F7A7B38C30D}.Debug|Any CPU.ActiveCfg = Debug|Any CPU
		{E31703C1-7FA4-4855-9B99-5F7A7B38C30D}.Debug|Any CPU.Build.0 = Debug|Any CPU
		{E31703C1-7FA4-4855-9B99-5F7A7B38C30D}.Release|Any CPU.ActiveCfg = Release|Any CPU
		{E31703C1-7FA4-4855-9B99-5F7A7B38C30D}.Release|Any CPU.Build.0 = Release|Any CPU
		{8E8F6FEA-75EC-4D50-906E-6CC63A619F40}.Debug|Any CPU.ActiveCfg = Debug|Any CPU
		{8E8F6FEA-75EC-4D50-906E-6CC63A619F40}.Debug|Any CPU.Build.0 = Debug|Any CPU
		{8E8F6FEA-75EC-4D50-906E-6CC63A619F40}.Release|Any CPU.ActiveCfg = Release|Any CPU
		{8E8F6FEA-75EC-4D50-906E-6CC63A619F40}.Release|Any CPU.Build.0 = Release|Any CPU
		{EAFFD9CA-B67F-4823-951F-8BAAC04BB35E}.Debug|Any CPU.ActiveCfg = Debug|Any CPU
		{EAFFD9CA-B67F-4823-951F-8BAAC04BB35E}.Debug|Any CPU.Build.0 = Debug|Any CPU
		{EAFFD9CA-B67F-4823-951F-8BAAC04BB35E}.Release|Any CPU.ActiveCfg = Release|Any CPU
		{EAFFD9CA-B67F-4823-951F-8BAAC04BB35E}.Release|Any CPU.Build.0 = Release|Any CPU
		{093BC85B-029E-41D1-8800-8568840697D9}.Debug|Any CPU.ActiveCfg = Debug|Any CPU
		{093BC85B-029E-41D1-8800-8568840697D9}.Debug|Any CPU.Build.0 = Debug|Any CPU
		{093BC85B-029E-41D1-8800-8568840697D9}.Release|Any CPU.ActiveCfg = Release|Any CPU
		{093BC85B-029E-41D1-8800-8568840697D9}.Release|Any CPU.Build.0 = Release|Any CPU
		{5F98ECDD-C322-4DBA-BC02-758BF0370906}.Debug|Any CPU.ActiveCfg = Debug|Any CPU
		{5F98ECDD-C322-4DBA-BC02-758BF0370906}.Debug|Any CPU.Build.0 = Debug|Any CPU
		{5F98ECDD-C322-4DBA-BC02-758BF0370906}.Release|Any CPU.ActiveCfg = Release|Any CPU
		{5F98ECDD-C322-4DBA-BC02-758BF0370906}.Release|Any CPU.Build.0 = Release|Any CPU
	EndGlobalSection
	GlobalSection(SolutionProperties) = preSolution
		HideSolutionNode = FALSE
	EndGlobalSection
	GlobalSection(NestedProjects) = preSolution
		{6A16C04B-FBDA-46D0-BBE1-88507E0B7347} = {9F756BC1-4E81-49DB-8A75-8F4A930E7C50}
		{EAFFD9CA-B67F-4823-951F-8BAAC04BB35E} = {9F756BC1-4E81-49DB-8A75-8F4A930E7C50}
		{093BC85B-029E-41D1-8800-8568840697D9} = {9F756BC1-4E81-49DB-8A75-8F4A930E7C50}
	EndGlobalSection
	GlobalSection(ExtensibilityGlobals) = postSolution
		SolutionGuid = {F187BF96-B254-4D20-8CB9-1AE6FB4C7BEE}
	EndGlobalSection
EndGlobal
